// !$*UTF8*$!
{
	archiveVersion = 1;
	classes = {
	};
	objectVersion = 46;
	objects = {

/* Begin PBXBuildFile section */
		14AB00A7EDBAD1B31EC27D97 /* Pods_ImagePlayer.framework in Frameworks */ = {isa = PBXBuildFile; fileRef = 18AE51D0786B5E70FAA9561D /* Pods_ImagePlayer.framework */; };
		932B849CBFADE6B6B5E9284F /* Pods_ImagePlayerUITests.framework in Frameworks */ = {isa = PBXBuildFile; fileRef = 7D8149D4AE92DB410431905C /* Pods_ImagePlayerUITests.framework */; };
		A505C2041E6C5CDC0085B96E /* AppDelegate.swift in Sources */ = {isa = PBXBuildFile; fileRef = A505C2031E6C5CDC0085B96E /* AppDelegate.swift */; };
		A505C2061E6C5CDC0085B96E /* MainViewController.swift in Sources */ = {isa = PBXBuildFile; fileRef = A505C2051E6C5CDC0085B96E /* MainViewController.swift */; };
		A505C20B1E6C5CDC0085B96E /* Assets.xcassets in Resources */ = {isa = PBXBuildFile; fileRef = A505C20A1E6C5CDC0085B96E /* Assets.xcassets */; };
		A505C20E1E6C5CDC0085B96E /* LaunchScreen.storyboard in Resources */ = {isa = PBXBuildFile; fileRef = A505C20C1E6C5CDC0085B96E /* LaunchScreen.storyboard */; };
		A505C2191E6C5CDC0085B96E /* ImagePlayerTests.swift in Sources */ = {isa = PBXBuildFile; fileRef = A505C2181E6C5CDC0085B96E /* ImagePlayerTests.swift */; };
		A505C2241E6C5CDC0085B96E /* ImagePlayerUITests.swift in Sources */ = {isa = PBXBuildFile; fileRef = A505C2231E6C5CDC0085B96E /* ImagePlayerUITests.swift */; };
		A505C2321E6CD9EC0085B96E /* Utils.swift in Sources */ = {isa = PBXBuildFile; fileRef = A505C2311E6CD9EC0085B96E /* Utils.swift */; };
		A5D83C081E911A0800945DDC /* ImagePlaying.swift in Sources */ = {isa = PBXBuildFile; fileRef = A5D83C071E911A0800945DDC /* ImagePlaying.swift */; };
		A5D83C0A1E911AAE00945DDC /* MidiGenerator.swift in Sources */ = {isa = PBXBuildFile; fileRef = A5D83C091E911AAE00945DDC /* MidiGenerator.swift */; };
		A5D83C0C1E911CDD00945DDC /* PCMGenerator.swift in Sources */ = {isa = PBXBuildFile; fileRef = A5D83C0B1E911CDD00945DDC /* PCMGenerator.swift */; };
		A5D83C0E1E91209500945DDC /* DownscalingMidiGenerator.swift in Sources */ = {isa = PBXBuildFile; fileRef = A5D83C0D1E91209500945DDC /* DownscalingMidiGenerator.swift */; };
		EBD14A87D025E3BB332AB83F /* Pods_ImagePlayerTests.framework in Frameworks */ = {isa = PBXBuildFile; fileRef = 07980D63F3A4FF00E83C4C0C /* Pods_ImagePlayerTests.framework */; };
/* End PBXBuildFile section */

/* Begin PBXContainerItemProxy section */
		A505C2151E6C5CDC0085B96E /* PBXContainerItemProxy */ = {
			isa = PBXContainerItemProxy;
			containerPortal = A505C1F81E6C5CDB0085B96E /* Project object */;
			proxyType = 1;
			remoteGlobalIDString = A505C1FF1E6C5CDB0085B96E;
			remoteInfo = ImagePlayer;
		};
		A505C2201E6C5CDC0085B96E /* PBXContainerItemProxy */ = {
			isa = PBXContainerItemProxy;
			containerPortal = A505C1F81E6C5CDB0085B96E /* Project object */;
			proxyType = 1;
			remoteGlobalIDString = A505C1FF1E6C5CDB0085B96E;
			remoteInfo = ImagePlayer;
		};
/* End PBXContainerItemProxy section */

/* Begin PBXFileReference section */
		07980D63F3A4FF00E83C4C0C /* Pods_ImagePlayerTests.framework */ = {isa = PBXFileReference; explicitFileType = wrapper.framework; includeInIndex = 0; path = Pods_ImagePlayerTests.framework; sourceTree = BUILT_PRODUCTS_DIR; };
		0BA452CE445DDC227CC4E319 /* Pods-ImagePlayerUITests.debug.xcconfig */ = {isa = PBXFileReference; includeInIndex = 1; lastKnownFileType = text.xcconfig; name = "Pods-ImagePlayerUITests.debug.xcconfig"; path = "../Pods/Target Support Files/Pods-ImagePlayerUITests/Pods-ImagePlayerUITests.debug.xcconfig"; sourceTree = "<group>"; };
		18AE51D0786B5E70FAA9561D /* Pods_ImagePlayer.framework */ = {isa = PBXFileReference; explicitFileType = wrapper.framework; includeInIndex = 0; path = Pods_ImagePlayer.framework; sourceTree = BUILT_PRODUCTS_DIR; };
		251E13AFFD8A883D63169F6D /* Pods-ImagePlayer.debug.xcconfig */ = {isa = PBXFileReference; includeInIndex = 1; lastKnownFileType = text.xcconfig; name = "Pods-ImagePlayer.debug.xcconfig"; path = "../Pods/Target Support Files/Pods-ImagePlayer/Pods-ImagePlayer.debug.xcconfig"; sourceTree = "<group>"; };
		4482699CFEE4104F136CE1EC /* Pods-ImagePlayerTests.release.xcconfig */ = {isa = PBXFileReference; includeInIndex = 1; lastKnownFileType = text.xcconfig; name = "Pods-ImagePlayerTests.release.xcconfig"; path = "../Pods/Target Support Files/Pods-ImagePlayerTests/Pods-ImagePlayerTests.release.xcconfig"; sourceTree = "<group>"; };
		7D8149D4AE92DB410431905C /* Pods_ImagePlayerUITests.framework */ = {isa = PBXFileReference; explicitFileType = wrapper.framework; includeInIndex = 0; path = Pods_ImagePlayerUITests.framework; sourceTree = BUILT_PRODUCTS_DIR; };
		A505C2001E6C5CDC0085B96E /* ImagePlayer.app */ = {isa = PBXFileReference; explicitFileType = wrapper.application; includeInIndex = 0; path = ImagePlayer.app; sourceTree = BUILT_PRODUCTS_DIR; };
		A505C2031E6C5CDC0085B96E /* AppDelegate.swift */ = {isa = PBXFileReference; lastKnownFileType = sourcecode.swift; path = AppDelegate.swift; sourceTree = "<group>"; };
		A505C2051E6C5CDC0085B96E /* MainViewController.swift */ = {isa = PBXFileReference; lastKnownFileType = sourcecode.swift; path = MainViewController.swift; sourceTree = "<group>"; };
		A505C20A1E6C5CDC0085B96E /* Assets.xcassets */ = {isa = PBXFileReference; lastKnownFileType = folder.assetcatalog; path = Assets.xcassets; sourceTree = "<group>"; };
		A505C20D1E6C5CDC0085B96E /* Base */ = {isa = PBXFileReference; lastKnownFileType = file.storyboard; name = Base; path = Base.lproj/LaunchScreen.storyboard; sourceTree = "<group>"; };
		A505C20F1E6C5CDC0085B96E /* Info.plist */ = {isa = PBXFileReference; lastKnownFileType = text.plist.xml; path = Info.plist; sourceTree = "<group>"; };
		A505C2141E6C5CDC0085B96E /* ImagePlayerTests.xctest */ = {isa = PBXFileReference; explicitFileType = wrapper.cfbundle; includeInIndex = 0; path = ImagePlayerTests.xctest; sourceTree = BUILT_PRODUCTS_DIR; };
		A505C2181E6C5CDC0085B96E /* ImagePlayerTests.swift */ = {isa = PBXFileReference; lastKnownFileType = sourcecode.swift; path = ImagePlayerTests.swift; sourceTree = "<group>"; };
		A505C21A1E6C5CDC0085B96E /* Info.plist */ = {isa = PBXFileReference; lastKnownFileType = text.plist.xml; path = Info.plist; sourceTree = "<group>"; };
		A505C21F1E6C5CDC0085B96E /* ImagePlayerUITests.xctest */ = {isa = PBXFileReference; explicitFileType = wrapper.cfbundle; includeInIndex = 0; path = ImagePlayerUITests.xctest; sourceTree = BUILT_PRODUCTS_DIR; };
		A505C2231E6C5CDC0085B96E /* ImagePlayerUITests.swift */ = {isa = PBXFileReference; lastKnownFileType = sourcecode.swift; path = ImagePlayerUITests.swift; sourceTree = "<group>"; };
		A505C2251E6C5CDC0085B96E /* Info.plist */ = {isa = PBXFileReference; lastKnownFileType = text.plist.xml; path = Info.plist; sourceTree = "<group>"; };
		A505C2311E6CD9EC0085B96E /* Utils.swift */ = {isa = PBXFileReference; fileEncoding = 4; lastKnownFileType = sourcecode.swift; path = Utils.swift; sourceTree = "<group>"; };
		A5D83C071E911A0800945DDC /* ImagePlaying.swift */ = {isa = PBXFileReference; fileEncoding = 4; lastKnownFileType = sourcecode.swift; path = ImagePlaying.swift; sourceTree = "<group>"; };
		A5D83C091E911AAE00945DDC /* MidiGenerator.swift */ = {isa = PBXFileReference; fileEncoding = 4; lastKnownFileType = sourcecode.swift; path = MidiGenerator.swift; sourceTree = "<group>"; };
		A5D83C0B1E911CDD00945DDC /* PCMGenerator.swift */ = {isa = PBXFileReference; fileEncoding = 4; lastKnownFileType = sourcecode.swift; path = PCMGenerator.swift; sourceTree = "<group>"; };
		A5D83C0D1E91209500945DDC /* DownscalingMidiGenerator.swift */ = {isa = PBXFileReference; fileEncoding = 4; lastKnownFileType = sourcecode.swift; path = DownscalingMidiGenerator.swift; sourceTree = "<group>"; };
		CE85211DB2C33ED2C5AC5703 /* Pods-ImagePlayerUITests.release.xcconfig */ = {isa = PBXFileReference; includeInIndex = 1; lastKnownFileType = text.xcconfig; name = "Pods-ImagePlayerUITests.release.xcconfig"; path = "../Pods/Target Support Files/Pods-ImagePlayerUITests/Pods-ImagePlayerUITests.release.xcconfig"; sourceTree = "<group>"; };
		DCB703091545F28BE9B30070 /* Pods-ImagePlayer.release.xcconfig */ = {isa = PBXFileReference; includeInIndex = 1; lastKnownFileType = text.xcconfig; name = "Pods-ImagePlayer.release.xcconfig"; path = "../Pods/Target Support Files/Pods-ImagePlayer/Pods-ImagePlayer.release.xcconfig"; sourceTree = "<group>"; };
		EE3F3C20552CDE2DCD8B5D80 /* Pods-ImagePlayerTests.debug.xcconfig */ = {isa = PBXFileReference; includeInIndex = 1; lastKnownFileType = text.xcconfig; name = "Pods-ImagePlayerTests.debug.xcconfig"; path = "../Pods/Target Support Files/Pods-ImagePlayerTests/Pods-ImagePlayerTests.debug.xcconfig"; sourceTree = "<group>"; };
/* End PBXFileReference section */

/* Begin PBXFrameworksBuildPhase section */
		A505C1FD1E6C5CDB0085B96E /* Frameworks */ = {
			isa = PBXFrameworksBuildPhase;
			buildActionMask = 2147483647;
			files = (
				14AB00A7EDBAD1B31EC27D97 /* Pods_ImagePlayer.framework in Frameworks */,
			);
			runOnlyForDeploymentPostprocessing = 0;
		};
		A505C2111E6C5CDC0085B96E /* Frameworks */ = {
			isa = PBXFrameworksBuildPhase;
			buildActionMask = 2147483647;
			files = (
				EBD14A87D025E3BB332AB83F /* Pods_ImagePlayerTests.framework in Frameworks */,
			);
			runOnlyForDeploymentPostprocessing = 0;
		};
		A505C21C1E6C5CDC0085B96E /* Frameworks */ = {
			isa = PBXFrameworksBuildPhase;
			buildActionMask = 2147483647;
			files = (
				932B849CBFADE6B6B5E9284F /* Pods_ImagePlayerUITests.framework in Frameworks */,
			);
			runOnlyForDeploymentPostprocessing = 0;
		};
/* End PBXFrameworksBuildPhase section */

/* Begin PBXGroup section */
		25B0FDA5FCD0B349D4C4002C /* Frameworks */ = {
			isa = PBXGroup;
			children = (
				18AE51D0786B5E70FAA9561D /* Pods_ImagePlayer.framework */,
				07980D63F3A4FF00E83C4C0C /* Pods_ImagePlayerTests.framework */,
				7D8149D4AE92DB410431905C /* Pods_ImagePlayerUITests.framework */,
			);
			name = Frameworks;
			sourceTree = "<group>";
		};
		6CD46CA5D7CC98E9595FF6B5 /* Pods */ = {
			isa = PBXGroup;
			children = (
				251E13AFFD8A883D63169F6D /* Pods-ImagePlayer.debug.xcconfig */,
				DCB703091545F28BE9B30070 /* Pods-ImagePlayer.release.xcconfig */,
				EE3F3C20552CDE2DCD8B5D80 /* Pods-ImagePlayerTests.debug.xcconfig */,
				4482699CFEE4104F136CE1EC /* Pods-ImagePlayerTests.release.xcconfig */,
				0BA452CE445DDC227CC4E319 /* Pods-ImagePlayerUITests.debug.xcconfig */,
				CE85211DB2C33ED2C5AC5703 /* Pods-ImagePlayerUITests.release.xcconfig */,
			);
			name = Pods;
			sourceTree = "<group>";
		};
		A505C1F71E6C5CDB0085B96E = {
			isa = PBXGroup;
			children = (
				A505C2021E6C5CDC0085B96E /* ImagePlayer */,
				A505C2171E6C5CDC0085B96E /* ImagePlayerTests */,
				A505C2221E6C5CDC0085B96E /* ImagePlayerUITests */,
				A505C2011E6C5CDC0085B96E /* Products */,
				6CD46CA5D7CC98E9595FF6B5 /* Pods */,
				25B0FDA5FCD0B349D4C4002C /* Frameworks */,
			);
			sourceTree = "<group>";
		};
		A505C2011E6C5CDC0085B96E /* Products */ = {
			isa = PBXGroup;
			children = (
				A505C2001E6C5CDC0085B96E /* ImagePlayer.app */,
				A505C2141E6C5CDC0085B96E /* ImagePlayerTests.xctest */,
				A505C21F1E6C5CDC0085B96E /* ImagePlayerUITests.xctest */,
			);
			name = Products;
			sourceTree = "<group>";
		};
		A505C2021E6C5CDC0085B96E /* ImagePlayer */ = {
			isa = PBXGroup;
			children = (
				A505C2031E6C5CDC0085B96E /* AppDelegate.swift */,
				A505C2051E6C5CDC0085B96E /* MainViewController.swift */,
				A505C20A1E6C5CDC0085B96E /* Assets.xcassets */,
				A505C20C1E6C5CDC0085B96E /* LaunchScreen.storyboard */,
				A505C20F1E6C5CDC0085B96E /* Info.plist */,
				A505C2311E6CD9EC0085B96E /* Utils.swift */,
				A5D83C071E911A0800945DDC /* ImagePlaying.swift */,
				A5D83C091E911AAE00945DDC /* MidiGenerator.swift */,
				A5D83C0D1E91209500945DDC /* DownscalingMidiGenerator.swift */,
				A5D83C0B1E911CDD00945DDC /* PCMGenerator.swift */,
			);
			path = ImagePlayer;
			sourceTree = "<group>";
		};
		A505C2171E6C5CDC0085B96E /* ImagePlayerTests */ = {
			isa = PBXGroup;
			children = (
				A505C2181E6C5CDC0085B96E /* ImagePlayerTests.swift */,
				A505C21A1E6C5CDC0085B96E /* Info.plist */,
			);
			path = ImagePlayerTests;
			sourceTree = "<group>";
		};
		A505C2221E6C5CDC0085B96E /* ImagePlayerUITests */ = {
			isa = PBXGroup;
			children = (
				A505C2231E6C5CDC0085B96E /* ImagePlayerUITests.swift */,
				A505C2251E6C5CDC0085B96E /* Info.plist */,
			);
			path = ImagePlayerUITests;
			sourceTree = "<group>";
		};
/* End PBXGroup section */

/* Begin PBXNativeTarget section */
		A505C1FF1E6C5CDB0085B96E /* ImagePlayer */ = {
			isa = PBXNativeTarget;
			buildConfigurationList = A505C2281E6C5CDC0085B96E /* Build configuration list for PBXNativeTarget "ImagePlayer" */;
			buildPhases = (
				F7BCBC349AFDD640D5F949CA /* [CP] Check Pods Manifest.lock */,
				A505C1FC1E6C5CDB0085B96E /* Sources */,
				A505C1FD1E6C5CDB0085B96E /* Frameworks */,
				A505C1FE1E6C5CDB0085B96E /* Resources */,
				62A9457DD06981B1158AFA60 /* [CP] Embed Pods Frameworks */,
				9164855355D914D0025EBB5F /* [CP] Copy Pods Resources */,
			);
			buildRules = (
			);
			dependencies = (
			);
			name = ImagePlayer;
			productName = ImagePlayer;
			productReference = A505C2001E6C5CDC0085B96E /* ImagePlayer.app */;
			productType = "com.apple.product-type.application";
		};
		A505C2131E6C5CDC0085B96E /* ImagePlayerTests */ = {
			isa = PBXNativeTarget;
			buildConfigurationList = A505C22B1E6C5CDC0085B96E /* Build configuration list for PBXNativeTarget "ImagePlayerTests" */;
			buildPhases = (
				43BAB2CAD867146C2DC71484 /* [CP] Check Pods Manifest.lock */,
				A505C2101E6C5CDC0085B96E /* Sources */,
				A505C2111E6C5CDC0085B96E /* Frameworks */,
				A505C2121E6C5CDC0085B96E /* Resources */,
				D6D72971DE1AE2C1F90CD801 /* [CP] Embed Pods Frameworks */,
				BC9014DA7BE437B2BB8CBC54 /* [CP] Copy Pods Resources */,
			);
			buildRules = (
			);
			dependencies = (
				A505C2161E6C5CDC0085B96E /* PBXTargetDependency */,
			);
			name = ImagePlayerTests;
			productName = ImagePlayerTests;
			productReference = A505C2141E6C5CDC0085B96E /* ImagePlayerTests.xctest */;
			productType = "com.apple.product-type.bundle.unit-test";
		};
		A505C21E1E6C5CDC0085B96E /* ImagePlayerUITests */ = {
			isa = PBXNativeTarget;
			buildConfigurationList = A505C22E1E6C5CDC0085B96E /* Build configuration list for PBXNativeTarget "ImagePlayerUITests" */;
			buildPhases = (
				30BBC5ED809721C8C1A381E3 /* [CP] Check Pods Manifest.lock */,
				A505C21B1E6C5CDC0085B96E /* Sources */,
				A505C21C1E6C5CDC0085B96E /* Frameworks */,
				A505C21D1E6C5CDC0085B96E /* Resources */,
				41AA03AE10FA99F421E60562 /* [CP] Embed Pods Frameworks */,
				E8B914B8F3171A37E5320646 /* [CP] Copy Pods Resources */,
			);
			buildRules = (
			);
			dependencies = (
				A505C2211E6C5CDC0085B96E /* PBXTargetDependency */,
			);
			name = ImagePlayerUITests;
			productName = ImagePlayerUITests;
			productReference = A505C21F1E6C5CDC0085B96E /* ImagePlayerUITests.xctest */;
			productType = "com.apple.product-type.bundle.ui-testing";
		};
/* End PBXNativeTarget section */

/* Begin PBXProject section */
		A505C1F81E6C5CDB0085B96E /* Project object */ = {
			isa = PBXProject;
			attributes = {
				LastSwiftUpdateCheck = 0820;
				LastUpgradeCheck = 0820;
				ORGANIZATIONNAME = ZweiGraf;
				TargetAttributes = {
					A505C1FF1E6C5CDB0085B96E = {
						CreatedOnToolsVersion = 8.2.1;
						DevelopmentTeam = CATTQN37Q2;
						ProvisioningStyle = Automatic;
					};
					A505C2131E6C5CDC0085B96E = {
						CreatedOnToolsVersion = 8.2.1;
						DevelopmentTeam = CATTQN37Q2;
						ProvisioningStyle = Automatic;
						TestTargetID = A505C1FF1E6C5CDB0085B96E;
					};
					A505C21E1E6C5CDC0085B96E = {
						CreatedOnToolsVersion = 8.2.1;
						DevelopmentTeam = CATTQN37Q2;
						ProvisioningStyle = Automatic;
						TestTargetID = A505C1FF1E6C5CDB0085B96E;
					};
				};
			};
			buildConfigurationList = A505C1FB1E6C5CDB0085B96E /* Build configuration list for PBXProject "ImagePlayer" */;
			compatibilityVersion = "Xcode 3.2";
			developmentRegion = English;
			hasScannedForEncodings = 0;
			knownRegions = (
				en,
				Base,
			);
			mainGroup = A505C1F71E6C5CDB0085B96E;
			productRefGroup = A505C2011E6C5CDC0085B96E /* Products */;
			projectDirPath = "";
			projectRoot = "";
			targets = (
				A505C1FF1E6C5CDB0085B96E /* ImagePlayer */,
				A505C2131E6C5CDC0085B96E /* ImagePlayerTests */,
				A505C21E1E6C5CDC0085B96E /* ImagePlayerUITests */,
			);
		};
/* End PBXProject section */

/* Begin PBXResourcesBuildPhase section */
		A505C1FE1E6C5CDB0085B96E /* Resources */ = {
			isa = PBXResourcesBuildPhase;
			buildActionMask = 2147483647;
			files = (
				A505C20E1E6C5CDC0085B96E /* LaunchScreen.storyboard in Resources */,
				A505C20B1E6C5CDC0085B96E /* Assets.xcassets in Resources */,
			);
			runOnlyForDeploymentPostprocessing = 0;
		};
		A505C2121E6C5CDC0085B96E /* Resources */ = {
			isa = PBXResourcesBuildPhase;
			buildActionMask = 2147483647;
			files = (
			);
			runOnlyForDeploymentPostprocessing = 0;
		};
		A505C21D1E6C5CDC0085B96E /* Resources */ = {
			isa = PBXResourcesBuildPhase;
			buildActionMask = 2147483647;
			files = (
			);
			runOnlyForDeploymentPostprocessing = 0;
		};
/* End PBXResourcesBuildPhase section */

/* Begin PBXShellScriptBuildPhase section */
		30BBC5ED809721C8C1A381E3 /* [CP] Check Pods Manifest.lock */ = {
			isa = PBXShellScriptBuildPhase;
			buildActionMask = 2147483647;
			files = (
			);
			inputPaths = (
			);
			name = "[CP] Check Pods Manifest.lock";
			outputPaths = (
			);
			runOnlyForDeploymentPostprocessing = 0;
			shellPath = /bin/sh;
			shellScript = "diff \"${PODS_ROOT}/../Podfile.lock\" \"${PODS_ROOT}/Manifest.lock\" > /dev/null\nif [ $? != 0 ] ; then\n    # print error to STDERR\n    echo \"error: The sandbox is not in sync with the Podfile.lock. Run 'pod install' or update your CocoaPods installation.\" >&2\n    exit 1\nfi\n";
			showEnvVarsInLog = 0;
		};
		41AA03AE10FA99F421E60562 /* [CP] Embed Pods Frameworks */ = {
			isa = PBXShellScriptBuildPhase;
			buildActionMask = 2147483647;
			files = (
			);
			inputPaths = (
			);
			name = "[CP] Embed Pods Frameworks";
			outputPaths = (
			);
			runOnlyForDeploymentPostprocessing = 0;
			shellPath = /bin/sh;
			shellScript = "\"${SRCROOT}/../Pods/Target Support Files/Pods-ImagePlayerUITests/Pods-ImagePlayerUITests-frameworks.sh\"\n";
			showEnvVarsInLog = 0;
		};
		43BAB2CAD867146C2DC71484 /* [CP] Check Pods Manifest.lock */ = {
			isa = PBXShellScriptBuildPhase;
			buildActionMask = 2147483647;
			files = (
			);
			inputPaths = (
			);
			name = "[CP] Check Pods Manifest.lock";
			outputPaths = (
			);
			runOnlyForDeploymentPostprocessing = 0;
			shellPath = /bin/sh;
			shellScript = "diff \"${PODS_ROOT}/../Podfile.lock\" \"${PODS_ROOT}/Manifest.lock\" > /dev/null\nif [ $? != 0 ] ; then\n    # print error to STDERR\n    echo \"error: The sandbox is not in sync with the Podfile.lock. Run 'pod install' or update your CocoaPods installation.\" >&2\n    exit 1\nfi\n";
			showEnvVarsInLog = 0;
		};
		62A9457DD06981B1158AFA60 /* [CP] Embed Pods Frameworks */ = {
			isa = PBXShellScriptBuildPhase;
			buildActionMask = 2147483647;
			files = (
			);
			inputPaths = (
			);
			name = "[CP] Embed Pods Frameworks";
			outputPaths = (
			);
			runOnlyForDeploymentPostprocessing = 0;
			shellPath = /bin/sh;
			shellScript = "\"${SRCROOT}/../Pods/Target Support Files/Pods-ImagePlayer/Pods-ImagePlayer-frameworks.sh\"\n";
			showEnvVarsInLog = 0;
		};
		9164855355D914D0025EBB5F /* [CP] Copy Pods Resources */ = {
			isa = PBXShellScriptBuildPhase;
			buildActionMask = 2147483647;
			files = (
			);
			inputPaths = (
			);
			name = "[CP] Copy Pods Resources";
			outputPaths = (
			);
			runOnlyForDeploymentPostprocessing = 0;
			shellPath = /bin/sh;
			shellScript = "\"${SRCROOT}/../Pods/Target Support Files/Pods-ImagePlayer/Pods-ImagePlayer-resources.sh\"\n";
			showEnvVarsInLog = 0;
		};
		BC9014DA7BE437B2BB8CBC54 /* [CP] Copy Pods Resources */ = {
			isa = PBXShellScriptBuildPhase;
			buildActionMask = 2147483647;
			files = (
			);
			inputPaths = (
			);
			name = "[CP] Copy Pods Resources";
			outputPaths = (
			);
			runOnlyForDeploymentPostprocessing = 0;
			shellPath = /bin/sh;
			shellScript = "\"${SRCROOT}/../Pods/Target Support Files/Pods-ImagePlayerTests/Pods-ImagePlayerTests-resources.sh\"\n";
			showEnvVarsInLog = 0;
		};
		D6D72971DE1AE2C1F90CD801 /* [CP] Embed Pods Frameworks */ = {
			isa = PBXShellScriptBuildPhase;
			buildActionMask = 2147483647;
			files = (
			);
			inputPaths = (
			);
			name = "[CP] Embed Pods Frameworks";
			outputPaths = (
			);
			runOnlyForDeploymentPostprocessing = 0;
			shellPath = /bin/sh;
			shellScript = "\"${SRCROOT}/../Pods/Target Support Files/Pods-ImagePlayerTests/Pods-ImagePlayerTests-frameworks.sh\"\n";
			showEnvVarsInLog = 0;
		};
		E8B914B8F3171A37E5320646 /* [CP] Copy Pods Resources */ = {
			isa = PBXShellScriptBuildPhase;
			buildActionMask = 2147483647;
			files = (
			);
			inputPaths = (
			);
			name = "[CP] Copy Pods Resources";
			outputPaths = (
			);
			runOnlyForDeploymentPostprocessing = 0;
			shellPath = /bin/sh;
			shellScript = "\"${SRCROOT}/../Pods/Target Support Files/Pods-ImagePlayerUITests/Pods-ImagePlayerUITests-resources.sh\"\n";
			showEnvVarsInLog = 0;
		};
		F7BCBC349AFDD640D5F949CA /* [CP] Check Pods Manifest.lock */ = {
			isa = PBXShellScriptBuildPhase;
			buildActionMask = 2147483647;
			files = (
			);
			inputPaths = (
			);
			name = "[CP] Check Pods Manifest.lock";
			outputPaths = (
			);
			runOnlyForDeploymentPostprocessing = 0;
			shellPath = /bin/sh;
			shellScript = "diff \"${PODS_ROOT}/../Podfile.lock\" \"${PODS_ROOT}/Manifest.lock\" > /dev/null\nif [ $? != 0 ] ; then\n    # print error to STDERR\n    echo \"error: The sandbox is not in sync with the Podfile.lock. Run 'pod install' or update your CocoaPods installation.\" >&2\n    exit 1\nfi\n";
			showEnvVarsInLog = 0;
		};
/* End PBXShellScriptBuildPhase section */

/* Begin PBXSourcesBuildPhase section */
		A505C1FC1E6C5CDB0085B96E /* Sources */ = {
			isa = PBXSourcesBuildPhase;
			buildActionMask = 2147483647;
			files = (
				A5D83C081E911A0800945DDC /* ImagePlaying.swift in Sources */,
				A505C2061E6C5CDC0085B96E /* MainViewController.swift in Sources */,
				A5D83C0E1E91209500945DDC /* DownscalingMidiGenerator.swift in Sources */,
				A505C2041E6C5CDC0085B96E /* AppDelegate.swift in Sources */,
				A505C2321E6CD9EC0085B96E /* Utils.swift in Sources */,
				A5D83C0C1E911CDD00945DDC /* PCMGenerator.swift in Sources */,
				A5D83C0A1E911AAE00945DDC /* MidiGenerator.swift in Sources */,
			);
			runOnlyForDeploymentPostprocessing = 0;
		};
		A505C2101E6C5CDC0085B96E /* Sources */ = {
			isa = PBXSourcesBuildPhase;
			buildActionMask = 2147483647;
			files = (
				A505C2191E6C5CDC0085B96E /* ImagePlayerTests.swift in Sources */,
			);
			runOnlyForDeploymentPostprocessing = 0;
		};
		A505C21B1E6C5CDC0085B96E /* Sources */ = {
			isa = PBXSourcesBuildPhase;
			buildActionMask = 2147483647;
			files = (
				A505C2241E6C5CDC0085B96E /* ImagePlayerUITests.swift in Sources */,
			);
			runOnlyForDeploymentPostprocessing = 0;
		};
/* End PBXSourcesBuildPhase section */

/* Begin PBXTargetDependency section */
		A505C2161E6C5CDC0085B96E /* PBXTargetDependency */ = {
			isa = PBXTargetDependency;
			target = A505C1FF1E6C5CDB0085B96E /* ImagePlayer */;
			targetProxy = A505C2151E6C5CDC0085B96E /* PBXContainerItemProxy */;
		};
		A505C2211E6C5CDC0085B96E /* PBXTargetDependency */ = {
			isa = PBXTargetDependency;
			target = A505C1FF1E6C5CDB0085B96E /* ImagePlayer */;
			targetProxy = A505C2201E6C5CDC0085B96E /* PBXContainerItemProxy */;
		};
/* End PBXTargetDependency section */

/* Begin PBXVariantGroup section */
		A505C20C1E6C5CDC0085B96E /* LaunchScreen.storyboard */ = {
			isa = PBXVariantGroup;
			children = (
				A505C20D1E6C5CDC0085B96E /* Base */,
			);
			name = LaunchScreen.storyboard;
			sourceTree = "<group>";
		};
/* End PBXVariantGroup section */

/* Begin XCBuildConfiguration section */
		A505C2261E6C5CDC0085B96E /* Debug */ = {
			isa = XCBuildConfiguration;
			buildSettings = {
				ALWAYS_SEARCH_USER_PATHS = NO;
				CLANG_ANALYZER_NONNULL = YES;
				CLANG_CXX_LANGUAGE_STANDARD = "gnu++0x";
				CLANG_CXX_LIBRARY = "libc++";
				CLANG_ENABLE_MODULES = YES;
				CLANG_ENABLE_OBJC_ARC = YES;
				CLANG_WARN_BOOL_CONVERSION = YES;
				CLANG_WARN_CONSTANT_CONVERSION = YES;
				CLANG_WARN_DIRECT_OBJC_ISA_USAGE = YES_ERROR;
				CLANG_WARN_DOCUMENTATION_COMMENTS = YES;
				CLANG_WARN_EMPTY_BODY = YES;
				CLANG_WARN_ENUM_CONVERSION = YES;
				CLANG_WARN_INFINITE_RECURSION = YES;
				CLANG_WARN_INT_CONVERSION = YES;
				CLANG_WARN_OBJC_ROOT_CLASS = YES_ERROR;
				CLANG_WARN_SUSPICIOUS_MOVE = YES;
				CLANG_WARN_UNREACHABLE_CODE = YES;
				CLANG_WARN__DUPLICATE_METHOD_MATCH = YES;
				"CODE_SIGN_IDENTITY[sdk=iphoneos*]" = "iPhone Developer";
				COPY_PHASE_STRIP = NO;
				DEBUG_INFORMATION_FORMAT = dwarf;
				ENABLE_STRICT_OBJC_MSGSEND = YES;
				ENABLE_TESTABILITY = YES;
				GCC_C_LANGUAGE_STANDARD = gnu99;
				GCC_DYNAMIC_NO_PIC = NO;
				GCC_NO_COMMON_BLOCKS = YES;
				GCC_OPTIMIZATION_LEVEL = 0;
				GCC_PREPROCESSOR_DEFINITIONS = (
					"DEBUG=1",
					"$(inherited)",
				);
				GCC_WARN_64_TO_32_BIT_CONVERSION = YES;
				GCC_WARN_ABOUT_RETURN_TYPE = YES_ERROR;
				GCC_WARN_UNDECLARED_SELECTOR = YES;
				GCC_WARN_UNINITIALIZED_AUTOS = YES_AGGRESSIVE;
				GCC_WARN_UNUSED_FUNCTION = YES;
				GCC_WARN_UNUSED_VARIABLE = YES;
				IPHONEOS_DEPLOYMENT_TARGET = 10.2;
				MTL_ENABLE_DEBUG_INFO = YES;
				ONLY_ACTIVE_ARCH = YES;
				SDKROOT = iphoneos;
				SWIFT_ACTIVE_COMPILATION_CONDITIONS = DEBUG;
				SWIFT_OPTIMIZATION_LEVEL = "-Onone";
				TARGETED_DEVICE_FAMILY = "1,2";
			};
			name = Debug;
		};
		A505C2271E6C5CDC0085B96E /* Release */ = {
			isa = XCBuildConfiguration;
			buildSettings = {
				ALWAYS_SEARCH_USER_PATHS = NO;
				CLANG_ANALYZER_NONNULL = YES;
				CLANG_CXX_LANGUAGE_STANDARD = "gnu++0x";
				CLANG_CXX_LIBRARY = "libc++";
				CLANG_ENABLE_MODULES = YES;
				CLANG_ENABLE_OBJC_ARC = YES;
				CLANG_WARN_BOOL_CONVERSION = YES;
				CLANG_WARN_CONSTANT_CONVERSION = YES;
				CLANG_WARN_DIRECT_OBJC_ISA_USAGE = YES_ERROR;
				CLANG_WARN_DOCUMENTATION_COMMENTS = YES;
				CLANG_WARN_EMPTY_BODY = YES;
				CLANG_WARN_ENUM_CONVERSION = YES;
				CLANG_WARN_INFINITE_RECURSION = YES;
				CLANG_WARN_INT_CONVERSION = YES;
				CLANG_WARN_OBJC_ROOT_CLASS = YES_ERROR;
				CLANG_WARN_SUSPICIOUS_MOVE = YES;
				CLANG_WARN_UNREACHABLE_CODE = YES;
				CLANG_WARN__DUPLICATE_METHOD_MATCH = YES;
				"CODE_SIGN_IDENTITY[sdk=iphoneos*]" = "iPhone Developer";
				COPY_PHASE_STRIP = NO;
				DEBUG_INFORMATION_FORMAT = "dwarf-with-dsym";
				ENABLE_NS_ASSERTIONS = NO;
				ENABLE_STRICT_OBJC_MSGSEND = YES;
				GCC_C_LANGUAGE_STANDARD = gnu99;
				GCC_NO_COMMON_BLOCKS = YES;
				GCC_WARN_64_TO_32_BIT_CONVERSION = YES;
				GCC_WARN_ABOUT_RETURN_TYPE = YES_ERROR;
				GCC_WARN_UNDECLARED_SELECTOR = YES;
				GCC_WARN_UNINITIALIZED_AUTOS = YES_AGGRESSIVE;
				GCC_WARN_UNUSED_FUNCTION = YES;
				GCC_WARN_UNUSED_VARIABLE = YES;
				IPHONEOS_DEPLOYMENT_TARGET = 10.2;
				MTL_ENABLE_DEBUG_INFO = NO;
				SDKROOT = iphoneos;
				SWIFT_OPTIMIZATION_LEVEL = "-Owholemodule";
				TARGETED_DEVICE_FAMILY = "1,2";
				VALIDATE_PRODUCT = YES;
			};
			name = Release;
		};
		A505C2291E6C5CDC0085B96E /* Debug */ = {
			isa = XCBuildConfiguration;
			baseConfigurationReference = 251E13AFFD8A883D63169F6D /* Pods-ImagePlayer.debug.xcconfig */;
			buildSettings = {
				ASSETCATALOG_COMPILER_APPICON_NAME = AppIcon;
				CODE_SIGN_IDENTITY = "iPhone Developer";
				DEVELOPMENT_TEAM = CATTQN37Q2;
				INFOPLIST_FILE = ImagePlayer/Info.plist;
				IPHONEOS_DEPLOYMENT_TARGET = 10.0;
				LD_RUNPATH_SEARCH_PATHS = "$(inherited) @executable_path/Frameworks";
				PRODUCT_BUNDLE_IDENTIFIER = com.zweigraf.ImagePlayer;
				PRODUCT_NAME = "$(TARGET_NAME)";
				SWIFT_VERSION = 3.0;
			};
			name = Debug;
		};
		A505C22A1E6C5CDC0085B96E /* Release */ = {
			isa = XCBuildConfiguration;
			baseConfigurationReference = DCB703091545F28BE9B30070 /* Pods-ImagePlayer.release.xcconfig */;
			buildSettings = {
				ASSETCATALOG_COMPILER_APPICON_NAME = AppIcon;
				CODE_SIGN_IDENTITY = "iPhone Developer";
				DEVELOPMENT_TEAM = CATTQN37Q2;
				INFOPLIST_FILE = ImagePlayer/Info.plist;
				IPHONEOS_DEPLOYMENT_TARGET = 10.0;
				LD_RUNPATH_SEARCH_PATHS = "$(inherited) @executable_path/Frameworks";
				PRODUCT_BUNDLE_IDENTIFIER = com.zweigraf.ImagePlayer;
				PRODUCT_NAME = "$(TARGET_NAME)";
				SWIFT_VERSION = 3.0;
			};
			name = Release;
		};
		A505C22C1E6C5CDC0085B96E /* Debug */ = {
			isa = XCBuildConfiguration;
			baseConfigurationReference = EE3F3C20552CDE2DCD8B5D80 /* Pods-ImagePlayerTests.debug.xcconfig */;
			buildSettings = {
				ALWAYS_EMBED_SWIFT_STANDARD_LIBRARIES = YES;
				BUNDLE_LOADER = "$(TEST_HOST)";
				DEVELOPMENT_TEAM = CATTQN37Q2;
				INFOPLIST_FILE = ImagePlayerTests/Info.plist;
				LD_RUNPATH_SEARCH_PATHS = "$(inherited) @executable_path/Frameworks @loader_path/Frameworks";
				PRODUCT_BUNDLE_IDENTIFIER = com.zweigraf.ImagePlayerTests;
				PRODUCT_NAME = "$(TARGET_NAME)";
				SWIFT_VERSION = 3.0;
				TEST_HOST = "$(BUILT_PRODUCTS_DIR)/ImagePlayer.app/ImagePlayer";
			};
			name = Debug;
		};
		A505C22D1E6C5CDC0085B96E /* Release */ = {
			isa = XCBuildConfiguration;
			baseConfigurationReference = 4482699CFEE4104F136CE1EC /* Pods-ImagePlayerTests.release.xcconfig */;
			buildSettings = {
				ALWAYS_EMBED_SWIFT_STANDARD_LIBRARIES = YES;
				BUNDLE_LOADER = "$(TEST_HOST)";
				DEVELOPMENT_TEAM = CATTQN37Q2;
				INFOPLIST_FILE = ImagePlayerTests/Info.plist;
				LD_RUNPATH_SEARCH_PATHS = "$(inherited) @executable_path/Frameworks @loader_path/Frameworks";
				PRODUCT_BUNDLE_IDENTIFIER = com.zweigraf.ImagePlayerTests;
				PRODUCT_NAME = "$(TARGET_NAME)";
				SWIFT_VERSION = 3.0;
				TEST_HOST = "$(BUILT_PRODUCTS_DIR)/ImagePlayer.app/ImagePlayer";
			};
			name = Release;
		};
		A505C22F1E6C5CDC0085B96E /* Debug */ = {
			isa = XCBuildConfiguration;
			baseConfigurationReference = 0BA452CE445DDC227CC4E319 /* Pods-ImagePlayerUITests.debug.xcconfig */;
			buildSettings = {
				ALWAYS_EMBED_SWIFT_STANDARD_LIBRARIES = YES;
				DEVELOPMENT_TEAM = CATTQN37Q2;
				INFOPLIST_FILE = ImagePlayerUITests/Info.plist;
				LD_RUNPATH_SEARCH_PATHS = "$(inherited) @executable_path/Frameworks @loader_path/Frameworks";
				PRODUCT_BUNDLE_IDENTIFIER = com.zweigraf.ImagePlayerUITests;
				PRODUCT_NAME = "$(TARGET_NAME)";
				SWIFT_VERSION = 3.0;
				TEST_TARGET_NAME = ImagePlayer;
			};
			name = Debug;
		};
		A505C2301E6C5CDC0085B96E /* Release */ = {
			isa = XCBuildConfiguration;
			baseConfigurationReference = CE85211DB2C33ED2C5AC5703 /* Pods-ImagePlayerUITests.release.xcconfig */;
			buildSettings = {
				ALWAYS_EMBED_SWIFT_STANDARD_LIBRARIES = YES;
				DEVELOPMENT_TEAM = CATTQN37Q2;
				INFOPLIST_FILE = ImagePlayerUITests/Info.plist;
				LD_RUNPATH_SEARCH_PATHS = "$(inherited) @executable_path/Frameworks @loader_path/Frameworks";
				PRODUCT_BUNDLE_IDENTIFIER = com.zweigraf.ImagePlayerUITests;
				PRODUCT_NAME = "$(TARGET_NAME)";
				SWIFT_VERSION = 3.0;
				TEST_TARGET_NAME = ImagePlayer;
			};
			name = Release;
		};
/* End XCBuildConfiguration section */

/* Begin XCConfigurationList section */
		A505C1FB1E6C5CDB0085B96E /* Build configuration list for PBXProject "ImagePlayer" */ = {
			isa = XCConfigurationList;
			buildConfigurations = (
				A505C2261E6C5CDC0085B96E /* Debug */,
				A505C2271E6C5CDC0085B96E /* Release */,
			);
			defaultConfigurationIsVisible = 0;
			defaultConfigurationName = Release;
		};
		A505C2281E6C5CDC0085B96E /* Build configuration list for PBXNativeTarget "ImagePlayer" */ = {
			isa = XCConfigurationList;
			buildConfigurations = (
				A505C2291E6C5CDC0085B96E /* Debug */,
				A505C22A1E6C5CDC0085B96E /* Release */,
			);
			defaultConfigurationIsVisible = 0;
			defaultConfigurationName = Release;
		};
		A505C22B1E6C5CDC0085B96E /* Build configuration list for PBXNativeTarget "ImagePlayerTests" */ = {
			isa = XCConfigurationList;
			buildConfigurations = (
				A505C22C1E6C5CDC0085B96E /* Debug */,
				A505C22D1E6C5CDC0085B96E /* Release */,
			);
			defaultConfigurationIsVisible = 0;
			defaultConfigurationName = Release;
		};
		A505C22E1E6C5CDC0085B96E /* Build configuration list for PBXNativeTarget "ImagePlayerUITests" */ = {
			isa = XCConfigurationList;
			buildConfigurations = (
				A505C22F1E6C5CDC0085B96E /* Debug */,
				A505C2301E6C5CDC0085B96E /* Release */,
			);
			defaultConfigurationIsVisible = 0;
			defaultConfigurationName = Release;
		};
/* End XCConfigurationList section */
	};
	rootObject = A505C1F81E6C5CDB0085B96E /* Project object */;
}
